
Microsoft Visual Studio Solution File, Format Version 12.00
# Visual Studio Version 17
VisualStudioVersion = 17.0.31903.59
MinimumVisualStudioVersion = 10.0.40219.1
Project("{2150E333-8FDC-42A3-9474-1A3956D46DE8}") = "aspire", "aspire", "{64880D93-BAB4-FF83-898C-B934B68C31A9}"
EndProject
Project("{FAE04EC0-301F-11D3-BF4B-00C04F79EFBC}") = "CleanArchitectureTemplate.AppHost", "aspire\CleanArchitectureTemplate.AppHost\CleanArchitectureTemplate.AppHost.csproj", "{D1564F9C-B039-4F98-ABF0-57A49266DF55}"
EndProject
Project("{FAE04EC0-301F-11D3-BF4B-00C04F79EFBC}") = "CleanArchitectureTemplate.ServiceDefaults", "aspire\CleanArchitectureTemplate.ServiceDefaults\CleanArchitectureTemplate.ServiceDefaults.csproj", "{2AAEAD8E-C936-443E-A90F-17E273520173}"
EndProject
Project("{2150E333-8FDC-42A3-9474-1A3956D46DE8}") = "src", "src", "{827E0CD3-B72D-47B6-A68D-7590B98EB39B}"
EndProject
Project("{2150E333-8FDC-42A3-9474-1A3956D46DE8}") = "Core", "Core", "{8D626EA8-CB54-BC41-363A-217881BEBA6E}"
EndProject
Project("{FAE04EC0-301F-11D3-BF4B-00C04F79EFBC}") = "CleanArchitectureTemplate.Domain", "src\Core\CleanArchitectureTemplate.Domain\CleanArchitectureTemplate.Domain.csproj", "{B2B12D20-2555-4920-943B-030FDD7206CA}"
EndProject
Project("{FAE04EC0-301F-11D3-BF4B-00C04F79EFBC}") = "CleanArchitectureTemplate.Application", "src\Core\CleanArchitectureTemplate.Application\CleanArchitectureTemplate.Application.csproj", "{19228E10-3B84-44C8-B701-EF630BB23780}"
EndProject
Project("{2150E333-8FDC-42A3-9474-1A3956D46DE8}") = "Infrastructure", "Infrastructure", "{9048EB7F-3875-A59E-E36B-5BD4C6F2A282}"
EndProject
Project("{FAE04EC0-301F-11D3-BF4B-00C04F79EFBC}") = "CleanArchitectureTemplate.Infrastructure", "src\Infrastructure\CleanArchitectureTemplate.Infrastructure\CleanArchitectureTemplate.Infrastructure.csproj", "{B0BDC056-B8C1-4A3D-B391-C493DE0F484B}"
EndProject
Project("{FAE04EC0-301F-11D3-BF4B-00C04F79EFBC}") = "CleanArchitectureTemplate.Infrastructure.Identity.EFCore", "src\Infrastructure\CleanArchitectureTemplate.Infrastructure.Identity.EFCore\CleanArchitectureTemplate.Infrastructure.Identity.EFCore.csproj", "{2FFF8B1E-5361-4621-A857-E429AAF786AA}"
EndProject
Project("{FAE04EC0-301F-11D3-BF4B-00C04F79EFBC}") = "CleanArchitectureTemplate.Infrastructure.Identity.AzureAD", "src\Infrastructure\CleanArchitectureTemplate.Infrastructure.Identity.AzureAD\CleanArchitectureTemplate.Infrastructure.Identity.AzureAD.csproj", "{E4120601-09A0-45D6-B507-998F516A7026}"
EndProject
Project("{FAE04EC0-301F-11D3-BF4B-00C04F79EFBC}") = "CleanArchitectureTemplate.Infrastructure.MigrationWorker", "src\Infrastructure\CleanArchitectureTemplate.Infrastructure.MigrationWorker\CleanArchitectureTemplate.Infrastructure.MigrationWorker.csproj", "{64915DE6-8DDE-4344-B897-6841F22365B9}"
EndProject
Project("{2150E333-8FDC-42A3-9474-1A3956D46DE8}") = "Presentation", "Presentation", "{6996BBF7-DB31-59BC-C7DD-9A7CCC6138C4}"
EndProject
Project("{FAE04EC0-301F-11D3-BF4B-00C04F79EFBC}") = "CleanArchitectureTemplate.API", "src\Presentation\CleanArchitectureTemplate.API\CleanArchitectureTemplate.API.csproj", "{704F5479-EE7F-4809-8152-ACD12B8FB236}"
EndProject
Project("{FAE04EC0-301F-11D3-BF4B-00C04F79EFBC}") = "CleanArchitectureTemplate.Web", "src\Presentation\CleanArchitectureTemplate.Web\CleanArchitectureTemplate.Web.csproj", "{8FA305C7-C007-40DE-BC0C-3BD646081458}"
EndProject
Project("{2150E333-8FDC-42A3-9474-1A3956D46DE8}") = "Shared", "Shared", "{C8E42992-5E42-0C2B-DBFE-AA848D06431C}"
EndProject
Project("{FAE04EC0-301F-11D3-BF4B-00C04F79EFBC}") = "CleanArchitectureTemplate.Shared", "src\Shared\CleanArchitectureTemplate.Shared\CleanArchitectureTemplate.Shared.csproj", "{373C6915-CB9A-4F6C-9A5E-13D74E72458B}"
EndProject
Project("{2150E333-8FDC-42A3-9474-1A3956D46DE8}") = "tests", "tests", "{0AB3BF05-4346-4AA6-1389-037BE0695223}"
EndProject
Project("{2150E333-8FDC-42A3-9474-1A3956D46DE8}") = "Core", "Core", "{5C35D9BE-388A-8745-CD5F-BB8E361A8720}"
EndProject
Project("{FAE04EC0-301F-11D3-BF4B-00C04F79EFBC}") = "CleanArchitectureTemplate.Domain.Tests", "tests\Core\CleanArchitectureTemplate.Domain.Tests\CleanArchitectureTemplate.Domain.Tests.csproj", "{A25BA771-03DF-4CCD-BA3A-F127E060A415}"
EndProject
Project("{FAE04EC0-301F-11D3-BF4B-00C04F79EFBC}") = "CleanArchitectureTemplate.Application.Tests", "tests\Core\CleanArchitectureTemplate.Application.Tests\CleanArchitectureTemplate.Application.Tests.csproj", "{600DD61B-752F-4FE0-8846-D08EC1083272}"
EndProject
Project("{2150E333-8FDC-42A3-9474-1A3956D46DE8}") = "Infrastructure", "Infrastructure", "{2CDFC2B4-03A0-2A52-1000-A892D95DD3FA}"
EndProject
Project("{FAE04EC0-301F-11D3-BF4B-00C04F79EFBC}") = "CleanArchitectureTemplate.Infrastructure.Tests", "tests\Infrastructure\CleanArchitectureTemplate.Infrastructure.Tests\CleanArchitectureTemplate.Infrastructure.Tests.csproj", "{BAB49580-B67C-4781-A9D6-ADAF733D12BD}"
EndProject
Project("{2150E333-8FDC-42A3-9474-1A3956D46DE8}") = "Presentation", "Presentation", "{A63B96E9-70FC-0FDC-3588-905A57B46513}"
EndProject
Project("{FAE04EC0-301F-11D3-BF4B-00C04F79EFBC}") = "CleanArchitectureTemplate.API.Tests", "tests\Presentation\CleanArchitectureTemplate.API.Tests\CleanArchitectureTemplate.API.Tests.csproj", "{8D1E81CB-A495-41F3-A3D2-A6123E70D4C6}"
EndProject
Project("{FAE04EC0-301F-11D3-BF4B-00C04F79EFBC}") = "CleanArchitectureTemplate.Web.Tests", "tests\Presentation\CleanArchitectureTemplate.Web.Tests\CleanArchitectureTemplate.Web.Tests.csproj", "{0BE04984-B814-4C26-86F0-8A593B8C2790}"
EndProject
Project("{2150E333-8FDC-42A3-9474-1A3956D46DE8}") = "Aspire", "Aspire", "{02EA681E-C7D8-13C7-8484-4AC65E1B71E8}"
EndProject
Project("{FAE04EC0-301F-11D3-BF4B-00C04F79EFBC}") = "CleanArchitectureTemplate.AppHost.Tests", "tests\Aspire\CleanArchitectureTemplate.AppHost.Tests\CleanArchitectureTemplate.AppHost.Tests.csproj", "{1ABCECE1-F12A-4F5F-4D37-0613F8FDBAE8}"
EndProject
Global
	GlobalSection(SolutionConfigurationPlatforms) = preSolution
		Debug|Any CPU = Debug|Any CPU
		Debug|x64 = Debug|x64
		Debug|x86 = Debug|x86
		Release|Any CPU = Release|Any CPU
		Release|x64 = Release|x64
		Release|x86 = Release|x86
	EndGlobalSection
	GlobalSection(ProjectConfigurationPlatforms) = postSolution
		{D1564F9C-B039-4F98-ABF0-57A49266DF55}.Debug|Any CPU.ActiveCfg = Debug|Any CPU
		{D1564F9C-B039-4F98-ABF0-57A49266DF55}.Debug|Any CPU.Build.0 = Debug|Any CPU
		{D1564F9C-B039-4F98-ABF0-57A49266DF55}.Debug|x64.ActiveCfg = Debug|Any CPU
		{D1564F9C-B039-4F98-ABF0-57A49266DF55}.Debug|x64.Build.0 = Debug|Any CPU
		{D1564F9C-B039-4F98-ABF0-57A49266DF55}.Debug|x86.ActiveCfg = Debug|Any CPU
		{D1564F9C-B039-4F98-ABF0-57A49266DF55}.Debug|x86.Build.0 = Debug|Any CPU
		{D1564F9C-B039-4F98-ABF0-57A49266DF55}.Release|Any CPU.ActiveCfg = Release|Any CPU
		{D1564F9C-B039-4F98-ABF0-57A49266DF55}.Release|Any CPU.Build.0 = Release|Any CPU
		{D1564F9C-B039-4F98-ABF0-57A49266DF55}.Release|x64.ActiveCfg = Release|Any CPU
		{D1564F9C-B039-4F98-ABF0-57A49266DF55}.Release|x64.Build.0 = Release|Any CPU
		{D1564F9C-B039-4F98-ABF0-57A49266DF55}.Release|x86.ActiveCfg = Release|Any CPU
		{D1564F9C-B039-4F98-ABF0-57A49266DF55}.Release|x86.Build.0 = Release|Any CPU
		{2AAEAD8E-C936-443E-A90F-17E273520173}.Debug|Any CPU.ActiveCfg = Debug|Any CPU
		{2AAEAD8E-C936-443E-A90F-17E273520173}.Debug|Any CPU.Build.0 = Debug|Any CPU
		{2AAEAD8E-C936-443E-A90F-17E273520173}.Debug|x64.ActiveCfg = Debug|Any CPU
		{2AAEAD8E-C936-443E-A90F-17E273520173}.Debug|x64.Build.0 = Debug|Any CPU
		{2AAEAD8E-C936-443E-A90F-17E273520173}.Debug|x86.ActiveCfg = Debug|Any CPU
		{2AAEAD8E-C936-443E-A90F-17E273520173}.Debug|x86.Build.0 = Debug|Any CPU
		{2AAEAD8E-C936-443E-A90F-17E273520173}.Release|Any CPU.ActiveCfg = Release|Any CPU
		{2AAEAD8E-C936-443E-A90F-17E273520173}.Release|Any CPU.Build.0 = Release|Any CPU
		{2AAEAD8E-C936-443E-A90F-17E273520173}.Release|x64.ActiveCfg = Release|Any CPU
		{2AAEAD8E-C936-443E-A90F-17E273520173}.Release|x64.Build.0 = Release|Any CPU
		{2AAEAD8E-C936-443E-A90F-17E273520173}.Release|x86.ActiveCfg = Release|Any CPU
		{2AAEAD8E-C936-443E-A90F-17E273520173}.Release|x86.Build.0 = Release|Any CPU
		{B2B12D20-2555-4920-943B-030FDD7206CA}.Debug|Any CPU.ActiveCfg = Debug|Any CPU
		{B2B12D20-2555-4920-943B-030FDD7206CA}.Debug|Any CPU.Build.0 = Debug|Any CPU
		{B2B12D20-2555-4920-943B-030FDD7206CA}.Debug|x64.ActiveCfg = Debug|Any CPU
		{B2B12D20-2555-4920-943B-030FDD7206CA}.Debug|x64.Build.0 = Debug|Any CPU
		{B2B12D20-2555-4920-943B-030FDD7206CA}.Debug|x86.ActiveCfg = Debug|Any CPU
		{B2B12D20-2555-4920-943B-030FDD7206CA}.Debug|x86.Build.0 = Debug|Any CPU
		{B2B12D20-2555-4920-943B-030FDD7206CA}.Release|Any CPU.ActiveCfg = Release|Any CPU
		{B2B12D20-2555-4920-943B-030FDD7206CA}.Release|Any CPU.Build.0 = Release|Any CPU
		{B2B12D20-2555-4920-943B-030FDD7206CA}.Release|x64.ActiveCfg = Release|Any CPU
		{B2B12D20-2555-4920-943B-030FDD7206CA}.Release|x64.Build.0 = Release|Any CPU
		{B2B12D20-2555-4920-943B-030FDD7206CA}.Release|x86.ActiveCfg = Release|Any CPU
		{B2B12D20-2555-4920-943B-030FDD7206CA}.Release|x86.Build.0 = Release|Any CPU
		{19228E10-3B84-44C8-B701-EF630BB23780}.Debug|Any CPU.ActiveCfg = Debug|Any CPU
		{19228E10-3B84-44C8-B701-EF630BB23780}.Debug|Any CPU.Build.0 = Debug|Any CPU
		{19228E10-3B84-44C8-B701-EF630BB23780}.Debug|x64.ActiveCfg = Debug|Any CPU
		{19228E10-3B84-44C8-B701-EF630BB23780}.Debug|x64.Build.0 = Debug|Any CPU
		{19228E10-3B84-44C8-B701-EF630BB23780}.Debug|x86.ActiveCfg = Debug|Any CPU
		{19228E10-3B84-44C8-B701-EF630BB23780}.Debug|x86.Build.0 = Debug|Any CPU
		{19228E10-3B84-44C8-B701-EF630BB23780}.Release|Any CPU.ActiveCfg = Release|Any CPU
		{19228E10-3B84-44C8-B701-EF630BB23780}.Release|Any CPU.Build.0 = Release|Any CPU
		{19228E10-3B84-44C8-B701-EF630BB23780}.Release|x64.ActiveCfg = Release|Any CPU
		{19228E10-3B84-44C8-B701-EF630BB23780}.Release|x64.Build.0 = Release|Any CPU
		{19228E10-3B84-44C8-B701-EF630BB23780}.Release|x86.ActiveCfg = Release|Any CPU
		{19228E10-3B84-44C8-B701-EF630BB23780}.Release|x86.Build.0 = Release|Any CPU
		{B0BDC056-B8C1-4A3D-B391-C493DE0F484B}.Debug|Any CPU.ActiveCfg = Debug|Any CPU
		{B0BDC056-B8C1-4A3D-B391-C493DE0F484B}.Debug|Any CPU.Build.0 = Debug|Any CPU
		{B0BDC056-B8C1-4A3D-B391-C493DE0F484B}.Debug|x64.ActiveCfg = Debug|Any CPU
		{B0BDC056-B8C1-4A3D-B391-C493DE0F484B}.Debug|x64.Build.0 = Debug|Any CPU
		{B0BDC056-B8C1-4A3D-B391-C493DE0F484B}.Debug|x86.ActiveCfg = Debug|Any CPU
		{B0BDC056-B8C1-4A3D-B391-C493DE0F484B}.Debug|x86.Build.0 = Debug|Any CPU
		{B0BDC056-B8C1-4A3D-B391-C493DE0F484B}.Release|Any CPU.ActiveCfg = Release|Any CPU
		{B0BDC056-B8C1-4A3D-B391-C493DE0F484B}.Release|Any CPU.Build.0 = Release|Any CPU
		{B0BDC056-B8C1-4A3D-B391-C493DE0F484B}.Release|x64.ActiveCfg = Release|Any CPU
		{B0BDC056-B8C1-4A3D-B391-C493DE0F484B}.Release|x64.Build.0 = Release|Any CPU
		{B0BDC056-B8C1-4A3D-B391-C493DE0F484B}.Release|x86.ActiveCfg = Release|Any CPU
		{B0BDC056-B8C1-4A3D-B391-C493DE0F484B}.Release|x86.Build.0 = Release|Any CPU
		{2FFF8B1E-5361-4621-A857-E429AAF786AA}.Debug|Any CPU.ActiveCfg = Debug|Any CPU
		{2FFF8B1E-5361-4621-A857-E429AAF786AA}.Debug|Any CPU.Build.0 = Debug|Any CPU
		{2FFF8B1E-5361-4621-A857-E429AAF786AA}.Debug|x64.ActiveCfg = Debug|Any CPU
		{2FFF8B1E-5361-4621-A857-E429AAF786AA}.Debug|x64.Build.0 = Debug|Any CPU
		{2FFF8B1E-5361-4621-A857-E429AAF786AA}.Debug|x86.ActiveCfg = Debug|Any CPU
		{2FFF8B1E-5361-4621-A857-E429AAF786AA}.Debug|x86.Build.0 = Debug|Any CPU
		{2FFF8B1E-5361-4621-A857-E429AAF786AA}.Release|Any CPU.ActiveCfg = Release|Any CPU
		{2FFF8B1E-5361-4621-A857-E429AAF786AA}.Release|Any CPU.Build.0 = Release|Any CPU
		{2FFF8B1E-5361-4621-A857-E429AAF786AA}.Release|x64.ActiveCfg = Release|Any CPU
		{2FFF8B1E-5361-4621-A857-E429AAF786AA}.Release|x64.Build.0 = Release|Any CPU
		{2FFF8B1E-5361-4621-A857-E429AAF786AA}.Release|x86.ActiveCfg = Release|Any CPU
		{2FFF8B1E-5361-4621-A857-E429AAF786AA}.Release|x86.Build.0 = Release|Any CPU
		{E4120601-09A0-45D6-B507-998F516A7026}.Debug|Any CPU.ActiveCfg = Debug|Any CPU
		{E4120601-09A0-45D6-B507-998F516A7026}.Debug|Any CPU.Build.0 = Debug|Any CPU
		{E4120601-09A0-45D6-B507-998F516A7026}.Debug|x64.ActiveCfg = Debug|Any CPU
		{E4120601-09A0-45D6-B507-998F516A7026}.Debug|x64.Build.0 = Debug|Any CPU
		{E4120601-09A0-45D6-B507-998F516A7026}.Debug|x86.ActiveCfg = Debug|Any CPU
		{E4120601-09A0-45D6-B507-998F516A7026}.Debug|x86.Build.0 = Debug|Any CPU
		{E4120601-09A0-45D6-B507-998F516A7026}.Release|Any CPU.ActiveCfg = Release|Any CPU
		{E4120601-09A0-45D6-B507-998F516A7026}.Release|Any CPU.Build.0 = Release|Any CPU
		{E4120601-09A0-45D6-B507-998F516A7026}.Release|x64.ActiveCfg = Release|Any CPU
		{E4120601-09A0-45D6-B507-998F516A7026}.Release|x64.Build.0 = Release|Any CPU
		{E4120601-09A0-45D6-B507-998F516A7026}.Release|x86.ActiveCfg = Release|Any CPU
		{E4120601-09A0-45D6-B507-998F516A7026}.Release|x86.Build.0 = Release|Any CPU
		{64915DE6-8DDE-4344-B897-6841F22365B9}.Debug|Any CPU.ActiveCfg = Debug|Any CPU
		{64915DE6-8DDE-4344-B897-6841F22365B9}.Debug|Any CPU.Build.0 = Debug|Any CPU
		{64915DE6-8DDE-4344-B897-6841F22365B9}.Debug|x64.ActiveCfg = Debug|Any CPU
		{64915DE6-8DDE-4344-B897-6841F22365B9}.Debug|x64.Build.0 = Debug|Any CPU
		{64915DE6-8DDE-4344-B897-6841F22365B9}.Debug|x86.ActiveCfg = Debug|Any CPU
		{64915DE6-8DDE-4344-B897-6841F22365B9}.Debug|x86.Build.0 = Debug|Any CPU
		{64915DE6-8DDE-4344-B897-6841F22365B9}.Release|Any CPU.ActiveCfg = Release|Any CPU
		{64915DE6-8DDE-4344-B897-6841F22365B9}.Release|Any CPU.Build.0 = Release|Any CPU
		{64915DE6-8DDE-4344-B897-6841F22365B9}.Release|x64.ActiveCfg = Release|Any CPU
		{64915DE6-8DDE-4344-B897-6841F22365B9}.Release|x64.Build.0 = Release|Any CPU
		{64915DE6-8DDE-4344-B897-6841F22365B9}.Release|x86.ActiveCfg = Release|Any CPU
		{64915DE6-8DDE-4344-B897-6841F22365B9}.Release|x86.Build.0 = Release|Any CPU
		{704F5479-EE7F-4809-8152-ACD12B8FB236}.Debug|Any CPU.ActiveCfg = Debug|Any CPU
		{704F5479-EE7F-4809-8152-ACD12B8FB236}.Debug|Any CPU.Build.0 = Debug|Any CPU
		{704F5479-EE7F-4809-8152-ACD12B8FB236}.Debug|x64.ActiveCfg = Debug|Any CPU
		{704F5479-EE7F-4809-8152-ACD12B8FB236}.Debug|x64.Build.0 = Debug|Any CPU
		{704F5479-EE7F-4809-8152-ACD12B8FB236}.Debug|x86.ActiveCfg = Debug|Any CPU
		{704F5479-EE7F-4809-8152-ACD12B8FB236}.Debug|x86.Build.0 = Debug|Any CPU
		{704F5479-EE7F-4809-8152-ACD12B8FB236}.Release|Any CPU.ActiveCfg = Release|Any CPU
		{704F5479-EE7F-4809-8152-ACD12B8FB236}.Release|Any CPU.Build.0 = Release|Any CPU
		{704F5479-EE7F-4809-8152-ACD12B8FB236}.Release|x64.ActiveCfg = Release|Any CPU
		{704F5479-EE7F-4809-8152-ACD12B8FB236}.Release|x64.Build.0 = Release|Any CPU
		{704F5479-EE7F-4809-8152-ACD12B8FB236}.Release|x86.ActiveCfg = Release|Any CPU
		{704F5479-EE7F-4809-8152-ACD12B8FB236}.Release|x86.Build.0 = Release|Any CPU
		{8FA305C7-C007-40DE-BC0C-3BD646081458}.Debug|Any CPU.ActiveCfg = Debug|Any CPU
		{8FA305C7-C007-40DE-BC0C-3BD646081458}.Debug|Any CPU.Build.0 = Debug|Any CPU
		{8FA305C7-C007-40DE-BC0C-3BD646081458}.Debug|x64.ActiveCfg = Debug|Any CPU
		{8FA305C7-C007-40DE-BC0C-3BD646081458}.Debug|x64.Build.0 = Debug|Any CPU
		{8FA305C7-C007-40DE-BC0C-3BD646081458}.Debug|x86.ActiveCfg = Debug|Any CPU
		{8FA305C7-C007-40DE-BC0C-3BD646081458}.Debug|x86.Build.0 = Debug|Any CPU
		{8FA305C7-C007-40DE-BC0C-3BD646081458}.Release|Any CPU.ActiveCfg = Release|Any CPU
		{8FA305C7-C007-40DE-BC0C-3BD646081458}.Release|Any CPU.Build.0 = Release|Any CPU
		{8FA305C7-C007-40DE-BC0C-3BD646081458}.Release|x64.ActiveCfg = Release|Any CPU
		{8FA305C7-C007-40DE-BC0C-3BD646081458}.Release|x64.Build.0 = Release|Any CPU
		{8FA305C7-C007-40DE-BC0C-3BD646081458}.Release|x86.ActiveCfg = Release|Any CPU
		{8FA305C7-C007-40DE-BC0C-3BD646081458}.Release|x86.Build.0 = Release|Any CPU
		{373C6915-CB9A-4F6C-9A5E-13D74E72458B}.Debug|Any CPU.ActiveCfg = Debug|Any CPU
		{373C6915-CB9A-4F6C-9A5E-13D74E72458B}.Debug|Any CPU.Build.0 = Debug|Any CPU
		{373C6915-CB9A-4F6C-9A5E-13D74E72458B}.Debug|x64.ActiveCfg = Debug|Any CPU
		{373C6915-CB9A-4F6C-9A5E-13D74E72458B}.Debug|x64.Build.0 = Debug|Any CPU
		{373C6915-CB9A-4F6C-9A5E-13D74E72458B}.Debug|x86.ActiveCfg = Debug|Any CPU
		{373C6915-CB9A-4F6C-9A5E-13D74E72458B}.Debug|x86.Build.0 = Debug|Any CPU
		{373C6915-CB9A-4F6C-9A5E-13D74E72458B}.Release|Any CPU.ActiveCfg = Release|Any CPU
		{373C6915-CB9A-4F6C-9A5E-13D74E72458B}.Release|Any CPU.Build.0 = Release|Any CPU
		{373C6915-CB9A-4F6C-9A5E-13D74E72458B}.Release|x64.ActiveCfg = Release|Any CPU
		{373C6915-CB9A-4F6C-9A5E-13D74E72458B}.Release|x64.Build.0 = Release|Any CPU
		{373C6915-CB9A-4F6C-9A5E-13D74E72458B}.Release|x86.ActiveCfg = Release|Any CPU
		{373C6915-CB9A-4F6C-9A5E-13D74E72458B}.Release|x86.Build.0 = Release|Any CPU
		{A25BA771-03DF-4CCD-BA3A-F127E060A415}.Debug|Any CPU.ActiveCfg = Debug|Any CPU
		{A25BA771-03DF-4CCD-BA3A-F127E060A415}.Debug|Any CPU.Build.0 = Debug|Any CPU
		{A25BA771-03DF-4CCD-BA3A-F127E060A415}.Debug|x64.ActiveCfg = Debug|Any CPU
		{A25BA771-03DF-4CCD-BA3A-F127E060A415}.Debug|x64.Build.0 = Debug|Any CPU
		{A25BA771-03DF-4CCD-BA3A-F127E060A415}.Debug|x86.ActiveCfg = Debug|Any CPU
		{A25BA771-03DF-4CCD-BA3A-F127E060A415}.Debug|x86.Build.0 = Debug|Any CPU
		{A25BA771-03DF-4CCD-BA3A-F127E060A415}.Release|Any CPU.ActiveCfg = Release|Any CPU
		{A25BA771-03DF-4CCD-BA3A-F127E060A415}.Release|Any CPU.Build.0 = Release|Any CPU
		{A25BA771-03DF-4CCD-BA3A-F127E060A415}.Release|x64.ActiveCfg = Release|Any CPU
		{A25BA771-03DF-4CCD-BA3A-F127E060A415}.Release|x64.Build.0 = Release|Any CPU
		{A25BA771-03DF-4CCD-BA3A-F127E060A415}.Release|x86.ActiveCfg = Release|Any CPU
		{A25BA771-03DF-4CCD-BA3A-F127E060A415}.Release|x86.Build.0 = Release|Any CPU
		{600DD61B-752F-4FE0-8846-D08EC1083272}.Debug|Any CPU.ActiveCfg = Debug|Any CPU
		{600DD61B-752F-4FE0-8846-D08EC1083272}.Debug|Any CPU.Build.0 = Debug|Any CPU
		{600DD61B-752F-4FE0-8846-D08EC1083272}.Debug|x64.ActiveCfg = Debug|Any CPU
		{600DD61B-752F-4FE0-8846-D08EC1083272}.Debug|x64.Build.0 = Debug|Any CPU
		{600DD61B-752F-4FE0-8846-D08EC1083272}.Debug|x86.ActiveCfg = Debug|Any CPU
		{600DD61B-752F-4FE0-8846-D08EC1083272}.Debug|x86.Build.0 = Debug|Any CPU
		{600DD61B-752F-4FE0-8846-D08EC1083272}.Release|Any CPU.ActiveCfg = Release|Any CPU
		{600DD61B-752F-4FE0-8846-D08EC1083272}.Release|Any CPU.Build.0 = Release|Any CPU
		{600DD61B-752F-4FE0-8846-D08EC1083272}.Release|x64.ActiveCfg = Release|Any CPU
		{600DD61B-752F-4FE0-8846-D08EC1083272}.Release|x64.Build.0 = Release|Any CPU
		{600DD61B-752F-4FE0-8846-D08EC1083272}.Release|x86.ActiveCfg = Release|Any CPU
		{600DD61B-752F-4FE0-8846-D08EC1083272}.Release|x86.Build.0 = Release|Any CPU
		{BAB49580-B67C-4781-A9D6-ADAF733D12BD}.Debug|Any CPU.ActiveCfg = Debug|Any CPU
		{BAB49580-B67C-4781-A9D6-ADAF733D12BD}.Debug|Any CPU.Build.0 = Debug|Any CPU
		{BAB49580-B67C-4781-A9D6-ADAF733D12BD}.Debug|x64.ActiveCfg = Debug|Any CPU
		{BAB49580-B67C-4781-A9D6-ADAF733D12BD}.Debug|x64.Build.0 = Debug|Any CPU
		{BAB49580-B67C-4781-A9D6-ADAF733D12BD}.Debug|x86.ActiveCfg = Debug|Any CPU
		{BAB49580-B67C-4781-A9D6-ADAF733D12BD}.Debug|x86.Build.0 = Debug|Any CPU
		{BAB49580-B67C-4781-A9D6-ADAF733D12BD}.Release|Any CPU.ActiveCfg = Release|Any CPU
		{BAB49580-B67C-4781-A9D6-ADAF733D12BD}.Release|Any CPU.Build.0 = Release|Any CPU
		{BAB49580-B67C-4781-A9D6-ADAF733D12BD}.Release|x64.ActiveCfg = Release|Any CPU
		{BAB49580-B67C-4781-A9D6-ADAF733D12BD}.Release|x64.Build.0 = Release|Any CPU
		{BAB49580-B67C-4781-A9D6-ADAF733D12BD}.Release|x86.ActiveCfg = Release|Any CPU
		{BAB49580-B67C-4781-A9D6-ADAF733D12BD}.Release|x86.Build.0 = Release|Any CPU
		{8D1E81CB-A495-41F3-A3D2-A6123E70D4C6}.Debug|Any CPU.ActiveCfg = Debug|Any CPU
		{8D1E81CB-A495-41F3-A3D2-A6123E70D4C6}.Debug|Any CPU.Build.0 = Debug|Any CPU
		{8D1E81CB-A495-41F3-A3D2-A6123E70D4C6}.Debug|x64.ActiveCfg = Debug|Any CPU
		{8D1E81CB-A495-41F3-A3D2-A6123E70D4C6}.Debug|x64.Build.0 = Debug|Any CPU
		{8D1E81CB-A495-41F3-A3D2-A6123E70D4C6}.Debug|x86.ActiveCfg = Debug|Any CPU
		{8D1E81CB-A495-41F3-A3D2-A6123E70D4C6}.Debug|x86.Build.0 = Debug|Any CPU
		{8D1E81CB-A495-41F3-A3D2-A6123E70D4C6}.Release|Any CPU.ActiveCfg = Release|Any CPU
		{8D1E81CB-A495-41F3-A3D2-A6123E70D4C6}.Release|Any CPU.Build.0 = Release|Any CPU
		{8D1E81CB-A495-41F3-A3D2-A6123E70D4C6}.Release|x64.ActiveCfg = Release|Any CPU
		{8D1E81CB-A495-41F3-A3D2-A6123E70D4C6}.Release|x64.Build.0 = Release|Any CPU
		{8D1E81CB-A495-41F3-A3D2-A6123E70D4C6}.Release|x86.ActiveCfg = Release|Any CPU
		{8D1E81CB-A495-41F3-A3D2-A6123E70D4C6}.Release|x86.Build.0 = Release|Any CPU
		{0BE04984-B814-4C26-86F0-8A593B8C2790}.Debug|Any CPU.ActiveCfg = Debug|Any CPU
		{0BE04984-B814-4C26-86F0-8A593B8C2790}.Debug|Any CPU.Build.0 = Debug|Any CPU
		{0BE04984-B814-4C26-86F0-8A593B8C2790}.Debug|x64.ActiveCfg = Debug|Any CPU
		{0BE04984-B814-4C26-86F0-8A593B8C2790}.Debug|x64.Build.0 = Debug|Any CPU
		{0BE04984-B814-4C26-86F0-8A593B8C2790}.Debug|x86.ActiveCfg = Debug|Any CPU
		{0BE04984-B814-4C26-86F0-8A593B8C2790}.Debug|x86.Build.0 = Debug|Any CPU
		{0BE04984-B814-4C26-86F0-8A593B8C2790}.Release|Any CPU.ActiveCfg = Release|Any CPU
		{0BE04984-B814-4C26-86F0-8A593B8C2790}.Release|Any CPU.Build.0 = Release|Any CPU
		{0BE04984-B814-4C26-86F0-8A593B8C2790}.Release|x64.ActiveCfg = Release|Any CPU
		{0BE04984-B814-4C26-86F0-8A593B8C2790}.Release|x64.Build.0 = Release|Any CPU
		{0BE04984-B814-4C26-86F0-8A593B8C2790}.Release|x86.ActiveCfg = Release|Any CPU
		{0BE04984-B814-4C26-86F0-8A593B8C2790}.Release|x86.Build.0 = Release|Any CPU
		{1ABCECE1-F12A-4F5F-4D37-0613F8FDBAE8}.Debug|Any CPU.ActiveCfg = Debug|Any CPU
		{1ABCECE1-F12A-4F5F-4D37-0613F8FDBAE8}.Debug|Any CPU.Build.0 = Debug|Any CPU
		{1ABCECE1-F12A-4F5F-4D37-0613F8FDBAE8}.Debug|x64.ActiveCfg = Debug|Any CPU
		{1ABCECE1-F12A-4F5F-4D37-0613F8FDBAE8}.Debug|x64.Build.0 = Debug|Any CPU
		{1ABCECE1-F12A-4F5F-4D37-0613F8FDBAE8}.Debug|x86.ActiveCfg = Debug|Any CPU
		{1ABCECE1-F12A-4F5F-4D37-0613F8FDBAE8}.Debug|x86.Build.0 = Debug|Any CPU
		{1ABCECE1-F12A-4F5F-4D37-0613F8FDBAE8}.Release|Any CPU.ActiveCfg = Release|Any CPU
		{1ABCECE1-F12A-4F5F-4D37-0613F8FDBAE8}.Release|Any CPU.Build.0 = Release|Any CPU
		{1ABCECE1-F12A-4F5F-4D37-0613F8FDBAE8}.Release|x64.ActiveCfg = Release|Any CPU
		{1ABCECE1-F12A-4F5F-4D37-0613F8FDBAE8}.Release|x64.Build.0 = Release|Any CPU
		{1ABCECE1-F12A-4F5F-4D37-0613F8FDBAE8}.Release|x86.ActiveCfg = Release|Any CPU
		{1ABCECE1-F12A-4F5F-4D37-0613F8FDBAE8}.Release|x86.Build.0 = Release|Any CPU
	EndGlobalSection
	GlobalSection(SolutionProperties) = preSolution
		HideSolutionNode = FALSE
	EndGlobalSection
	GlobalSection(NestedProjects) = preSolution
		{D1564F9C-B039-4F98-ABF0-57A49266DF55} = {64880D93-BAB4-FF83-898C-B934B68C31A9}
		{2AAEAD8E-C936-443E-A90F-17E273520173} = {64880D93-BAB4-FF83-898C-B934B68C31A9}
		{8D626EA8-CB54-BC41-363A-217881BEBA6E} = {827E0CD3-B72D-47B6-A68D-7590B98EB39B}
		{B2B12D20-2555-4920-943B-030FDD7206CA} = {8D626EA8-CB54-BC41-363A-217881BEBA6E}
		{19228E10-3B84-44C8-B701-EF630BB23780} = {8D626EA8-CB54-BC41-363A-217881BEBA6E}
		{9048EB7F-3875-A59E-E36B-5BD4C6F2A282} = {827E0CD3-B72D-47B6-A68D-7590B98EB39B}
		{B0BDC056-B8C1-4A3D-B391-C493DE0F484B} = {9048EB7F-3875-A59E-E36B-5BD4C6F2A282}
		{2FFF8B1E-5361-4621-A857-E429AAF786AA} = {9048EB7F-3875-A59E-E36B-5BD4C6F2A282}
		{E4120601-09A0-45D6-B507-998F516A7026} = {9048EB7F-3875-A59E-E36B-5BD4C6F2A282}
		{64915DE6-8DDE-4344-B897-6841F22365B9} = {9048EB7F-3875-A59E-E36B-5BD4C6F2A282}
		{6996BBF7-DB31-59BC-C7DD-9A7CCC6138C4} = {827E0CD3-B72D-47B6-A68D-7590B98EB39B}
		{704F5479-EE7F-4809-8152-ACD12B8FB236} = {6996BBF7-DB31-59BC-C7DD-9A7CCC6138C4}
		{8FA305C7-C007-40DE-BC0C-3BD646081458} = {6996BBF7-DB31-59BC-C7DD-9A7CCC6138C4}
		{C8E42992-5E42-0C2B-DBFE-AA848D06431C} = {827E0CD3-B72D-47B6-A68D-7590B98EB39B}
		{373C6915-CB9A-4F6C-9A5E-13D74E72458B} = {C8E42992-5E42-0C2B-DBFE-AA848D06431C}
		{5C35D9BE-388A-8745-CD5F-BB8E361A8720} = {0AB3BF05-4346-4AA6-1389-037BE0695223}
		{A25BA771-03DF-4CCD-BA3A-F127E060A415} = {5C35D9BE-388A-8745-CD5F-BB8E361A8720}
		{600DD61B-752F-4FE0-8846-D08EC1083272} = {5C35D9BE-388A-8745-CD5F-BB8E361A8720}
		{2CDFC2B4-03A0-2A52-1000-A892D95DD3FA} = {0AB3BF05-4346-4AA6-1389-037BE0695223}
		{BAB49580-B67C-4781-A9D6-ADAF733D12BD} = {2CDFC2B4-03A0-2A52-1000-A892D95DD3FA}
		{A63B96E9-70FC-0FDC-3588-905A57B46513} = {0AB3BF05-4346-4AA6-1389-037BE0695223}
		{8D1E81CB-A495-41F3-A3D2-A6123E70D4C6} = {A63B96E9-70FC-0FDC-3588-905A57B46513}
		{0BE04984-B814-4C26-86F0-8A593B8C2790} = {A63B96E9-70FC-0FDC-3588-905A57B46513}
		{02EA681E-C7D8-13C7-8484-4AC65E1B71E8} = {0AB3BF05-4346-4AA6-1389-037BE0695223}
		{1ABCECE1-F12A-4F5F-4D37-0613F8FDBAE8} = {02EA681E-C7D8-13C7-8484-4AC65E1B71E8}
	EndGlobalSection
	GlobalSection(ExtensibilityGlobals) = postSolution
		SolutionGuid = {9E57BD39-6D36-4EEF-A9D1-2C2697E852BF}
	EndGlobalSection
EndGlobal
